
Microsoft Visual Studio Solution File, Format Version 12.00
# Visual Studio Version 17
VisualStudioVersion = 17.8.34330.188
MinimumVisualStudioVersion = 10.0.40219.1
Project("{FAE04EC0-301F-11D3-BF4B-00C04F79EFBC}") = "WaterLogger", "WaterLogger\WaterLogger.csproj", "{A034E7B2-D551-40E1-A9B1-3F2BF588DCFF}"
EndProject
Global
	GlobalSection(SolutionConfigurationPlatforms) = preSolution
		Debug|Any CPU = Debug|Any CPU
		Release|Any CPU = Release|Any CPU
	EndGlobalSection
	GlobalSection(ProjectConfigurationPlatforms) = postSolution
		{A034E7B2-D551-40E1-A9B1-3F2BF588DCFF}.Debug|Any CPU.ActiveCfg = Debug|Any CPU
		{A034E7B2-D551-40E1-A9B1-3F2BF588DCFF}.Debug|Any CPU.Build.0 = Debug|Any CPU
		{A034E7B2-D551-40E1-A9B1-3F2BF588DCFF}.Release|Any CPU.ActiveCfg = Release|Any CPU
		{A034E7B2-D551-40E1-A9B1-3F2BF588DCFF}.Release|Any CPU.Build.0 = Release|Any CPU
	EndGlobalSection
	GlobalSection(SolutionProperties) = preSolution
		HideSolutionNode = FALSE
	EndGlobalSection
	GlobalSection(ExtensibilityGlobals) = postSolution
		SolutionGuid = {5BB0C33A-4B11-4886-8C63-BE54CF246CBD}
	EndGlobalSection
EndGlobal
